{
  "name": "profile-card",
  "version": "1.0.0",
  "lockfileVersion": 2,
  "requires": true,
  "packages": {
    "": {
      "name": "profile-card",
      "version": "1.0.0",
      "license": "ISC",
      "dependencies": {
        "simple-sw-generator": "github:bobbylej/simple-sw-generator"
      }
    },
    "node_modules/simple-sw-generator": {
      "version": "1.0.0",
      "resolved": "git+ssh://git@github.com/bobbylej/simple-sw-generator.git#dd496be48e5e5138914ccd37ba298e148a4ba22a",
      "license": "MIT",
      "bin": {
        "simple-sw-generator": "sw-generator.js"
      }
    }
  },
  "dependencies": {
    "simple-sw-generator": {
      "version": "git+ssh://git@github.com/bobbylej/simple-sw-generator.git#dd496be48e5e5138914ccd37ba298e148a4ba22a",
      "from": "simple-sw-generator@bobbylej/simple-sw-generator"
    }
  }
}
